
Microsoft Visual Studio Solution File, Format Version 12.00
# Visual Studio 15
VisualStudioVersion = 15.0.26430.6
MinimumVisualStudioVersion = 10.0.40219.1
Project("{FAE04EC0-301F-11D3-BF4B-00C04F79EFBC}") = "Inbras", "Inbras\Inbras.csproj", "{FAEA07CE-7125-4043-A136-2D43BDB57682}"
EndProject
Global
	GlobalSection(SolutionConfigurationPlatforms) = preSolution
		Debug|Any CPU = Debug|Any CPU
		Release|Any CPU = Release|Any CPU
	EndGlobalSection
	GlobalSection(ProjectConfigurationPlatforms) = postSolution
		{FAEA07CE-7125-4043-A136-2D43BDB57682}.Debug|Any CPU.ActiveCfg = Debug|Any CPU
		{FAEA07CE-7125-4043-A136-2D43BDB57682}.Debug|Any CPU.Build.0 = Debug|Any CPU
		{FAEA07CE-7125-4043-A136-2D43BDB57682}.Release|Any CPU.ActiveCfg = Release|Any CPU
		{FAEA07CE-7125-4043-A136-2D43BDB57682}.Release|Any CPU.Build.0 = Release|Any CPU
	EndGlobalSection
	GlobalSection(SolutionProperties) = preSolution
		HideSolutionNode = FALSE
	EndGlobalSection
EndGlobal
